
Microsoft Visual Studio Solution File, Format Version 12.00
# Visual Studio 15
VisualStudioVersion = 15.0.28307.1169
MinimumVisualStudioVersion = 10.0.40219.1
Project("{FAE04EC0-301F-11D3-BF4B-00C04F79EFBC}") = "PlantWebService", "PlantWebService\PlantWebService.csproj", "{5272C2C3-DFF0-4B46-B27A-64E5A87FB02F}"
EndProject
Global
	GlobalSection(SolutionConfigurationPlatforms) = preSolution
		Debug|Any CPU = Debug|Any CPU
		Release|Any CPU = Release|Any CPU
	EndGlobalSection
	GlobalSection(ProjectConfigurationPlatforms) = postSolution
		{5272C2C3-DFF0-4B46-B27A-64E5A87FB02F}.Debug|Any CPU.ActiveCfg = Debug|Any CPU
		{5272C2C3-DFF0-4B46-B27A-64E5A87FB02F}.Debug|Any CPU.Build.0 = Debug|Any CPU
		{5272C2C3-DFF0-4B46-B27A-64E5A87FB02F}.Release|Any CPU.ActiveCfg = Release|Any CPU
		{5272C2C3-DFF0-4B46-B27A-64E5A87FB02F}.Release|Any CPU.Build.0 = Release|Any CPU
	EndGlobalSection
	GlobalSection(SolutionProperties) = preSolution
		HideSolutionNode = FALSE
	EndGlobalSection
	GlobalSection(ExtensibilityGlobals) = postSolution
		SolutionGuid = {6182519F-83DD-425D-B43F-2B7B8EB9A860}
	EndGlobalSection
EndGlobal
